
Microsoft Visual Studio Solution File, Format Version 11.00
# Visual Studio 2010
Project("{FAE04EC0-301F-11D3-BF4B-00C04F79EFBC}") = "Grafici IPEX 2014", "Grafici IPEX 2014\Grafici IPEX 2014.csproj", "{81B1590C-A93D-428E-91A6-E1592F206F1D}"
EndProject
Global
	GlobalSection(SolutionConfigurationPlatforms) = preSolution
		Debug|x86 = Debug|x86
		Release|x86 = Release|x86
	EndGlobalSection
	GlobalSection(ProjectConfigurationPlatforms) = postSolution
		{81B1590C-A93D-428E-91A6-E1592F206F1D}.Debug|x86.ActiveCfg = Debug|x86
		{81B1590C-A93D-428E-91A6-E1592F206F1D}.Debug|x86.Build.0 = Debug|x86
		{81B1590C-A93D-428E-91A6-E1592F206F1D}.Release|x86.ActiveCfg = Release|x86
		{81B1590C-A93D-428E-91A6-E1592F206F1D}.Release|x86.Build.0 = Release|x86
	EndGlobalSection
	GlobalSection(SolutionProperties) = preSolution
		HideSolutionNode = FALSE
	EndGlobalSection
EndGlobal
